# THIS IS AN AUTOGENERATED FILE. DO NOT EDIT THIS FILE DIRECTLY.
# yarn lockfile v1


"@types/emscripten@^1.39.3":
  version "1.39.3"
  resolved "https://registry.yarnpkg.com/@types/emscripten/-/emscripten-1.39.3.tgz#cac2f24b4739c344c42f928a4c1af1aab245364e"
  integrity sha512-F+LPHVwVWp6bkhRq7sMdW0JsQMXd5ZuPbjwU/X6HaAtvIjRmYL2z4BCIopnBRcrzZLorVFf8gxY/GR7szLuPEw==

typescript@^3.8.3:
  version "3.8.3"
  resolved "https://registry.yarnpkg.com/typescript/-/typescript-3.8.3.tgz#409eb8544ea0335711205869ec458ab109ee1061"
  integrity sha512-MYlEfn5VrLNsgudQTVJeNaQFUAI7DkhnOjdpAp4T+ku1TfQClewlbSuTVHiA+8skNBgaf02TL/kLOvig4y3G8w==
